{
  "lockfileVersion": 1,
  "configVersion": 1,
  "workspaces": {
    "": {
      "name": "dsh-native-web-path-gwe-app",
      "dependencies": {
        "@toon-format/toon": "^4.1.1",
      },
    },
  },
  "packages": {
    "@toon-format/toon": ["@toon-format/toon@4.1.1", "", {}, "sha512-SGCkS7IjVpwRmGPgnY8ENKpAf0EdAnZDOQkvFW0d2cgOpdn9FEFl7sTgryESyypXrWr0YajHGpwsAUX4zw9ZvA=="],
  }
}
